
Microsoft Visual Studio Solution File, Format Version 12.00
# Visual Studio 14
VisualStudioVersion = 14.0.25420.1
MinimumVisualStudioVersion = 10.0.40219.1
Project("{8BC9CEB8-8B4A-11D0-8D11-00A0C91BC942}") = "lightswitch", "lightswitch.vcxproj", "{C5F80730-F44F-4478-BDAE-6634EFC2CA88}"
EndProject
Project("{8BC9CEB8-8B4A-11D0-8D11-00A0C91BC942}") = "espBasic", "C:\Users\bflint\Documents\Arduino\espBasic\espBasic.vcxproj", "{36AB683B-DD6B-4171-923E-228BA242134D}"
EndProject
<<<<<<< HEAD
Project("{8BC9CEB8-8B4A-11D0-8D11-00A0C91BC942}") = "TankSensor", "..\..\tank sensor\Tank-Sensor\TankSensor.vcxproj", "{B70ECBC9-ED23-4F45-8AAA-A96FA35DD49D}"
=======
Project("{8BC9CEB8-8B4A-11D0-8D11-00A0C91BC942}") = "i2cscanner", "..\i2cscanner\i2cscanner.vcxproj", "{6DC50F42-0C6D-4A6F-96B7-E4472FDCEDFC}"
>>>>>>> aa44e832067d055fd6e559d7310179b1c9b185f1
EndProject
Project("{8BC9CEB8-8B4A-11D0-8D11-00A0C91BC942}") = "basicSD", "..\..\basicSD\basicSD.vcxproj", "{C5C110E1-B0CA-4393-8649-AB7A41069887}"
EndProject
Project("{8BC9CEB8-8B4A-11D0-8D11-00A0C91BC942}") = "powerMeter", "..\powerMeter\powerMeter.vcxproj", "{C8811A6B-C576-44F1-858D-672111F68BAC}"
EndProject
<<<<<<< HEAD
Project("{8BC9CEB8-8B4A-11D0-8D11-00A0C91BC942}") = "attinyLED", "C:\Users\bflint.HOME\Documents\Arduino\attinyLED\attinyLED.vcxproj", "{74F7D8B0-690A-419D-A91D-DA93AE274382}"
EndProject
Project("{2150E333-8FDC-42A3-9474-1A3956D46DE8}") = "LED", "LED", "{D073D42C-D133-4DAD-B6C7-5CCE11B20971}"
EndProject
Project("{8BC9CEB8-8B4A-11D0-8D11-00A0C91BC942}") = "espMaster", "C:\Users\bflint.HOME\Documents\Arduino\espMaster\espMaster.vcxproj", "{C9DD96E0-5318-4AAD-B6FA-316B22276F6E}"
=======
Project("{8BC9CEB8-8B4A-11D0-8D11-00A0C91BC942}") = "TankSensor", "..\..\tank sensor\TankSensor\TankSensor.vcxproj", "{B70ECBC9-ED23-4F45-8AAA-A96FA35DD49D}"
>>>>>>> aa44e832067d055fd6e559d7310179b1c9b185f1
EndProject
Global
	GlobalSection(SolutionConfigurationPlatforms) = preSolution
		Debug|x86 = Debug|x86
		Release|x86 = Release|x86
	EndGlobalSection
	GlobalSection(ProjectConfigurationPlatforms) = postSolution
		{C5F80730-F44F-4478-BDAE-6634EFC2CA88}.Debug|x86.ActiveCfg = Debug|Win32
		{C5F80730-F44F-4478-BDAE-6634EFC2CA88}.Debug|x86.Build.0 = Debug|Win32
		{C5F80730-F44F-4478-BDAE-6634EFC2CA88}.Release|x86.ActiveCfg = Release|Win32
		{C5F80730-F44F-4478-BDAE-6634EFC2CA88}.Release|x86.Build.0 = Release|Win32
		{36AB683B-DD6B-4171-923E-228BA242134D}.Debug|x86.ActiveCfg = Debug|Win32
		{36AB683B-DD6B-4171-923E-228BA242134D}.Debug|x86.Build.0 = Debug|Win32
		{36AB683B-DD6B-4171-923E-228BA242134D}.Release|x86.ActiveCfg = Release|Win32
		{36AB683B-DD6B-4171-923E-228BA242134D}.Release|x86.Build.0 = Release|Win32
<<<<<<< HEAD
		{B70ECBC9-ED23-4F45-8AAA-A96FA35DD49D}.Debug|x86.ActiveCfg = Debug|Win32
		{B70ECBC9-ED23-4F45-8AAA-A96FA35DD49D}.Debug|x86.Build.0 = Debug|Win32
		{B70ECBC9-ED23-4F45-8AAA-A96FA35DD49D}.Release|x86.ActiveCfg = Release|Win32
		{B70ECBC9-ED23-4F45-8AAA-A96FA35DD49D}.Release|x86.Build.0 = Release|Win32
=======
		{6DC50F42-0C6D-4A6F-96B7-E4472FDCEDFC}.Debug|x86.ActiveCfg = Debug|Win32
		{6DC50F42-0C6D-4A6F-96B7-E4472FDCEDFC}.Debug|x86.Build.0 = Debug|Win32
		{6DC50F42-0C6D-4A6F-96B7-E4472FDCEDFC}.Release|x86.ActiveCfg = Release|Win32
		{6DC50F42-0C6D-4A6F-96B7-E4472FDCEDFC}.Release|x86.Build.0 = Release|Win32
>>>>>>> aa44e832067d055fd6e559d7310179b1c9b185f1
		{C5C110E1-B0CA-4393-8649-AB7A41069887}.Debug|x86.ActiveCfg = Debug|Win32
		{C5C110E1-B0CA-4393-8649-AB7A41069887}.Debug|x86.Build.0 = Debug|Win32
		{C5C110E1-B0CA-4393-8649-AB7A41069887}.Release|x86.ActiveCfg = Release|Win32
		{C5C110E1-B0CA-4393-8649-AB7A41069887}.Release|x86.Build.0 = Release|Win32
		{C8811A6B-C576-44F1-858D-672111F68BAC}.Debug|x86.ActiveCfg = Debug|Win32
		{C8811A6B-C576-44F1-858D-672111F68BAC}.Debug|x86.Build.0 = Debug|Win32
		{C8811A6B-C576-44F1-858D-672111F68BAC}.Release|x86.ActiveCfg = Release|Win32
		{C8811A6B-C576-44F1-858D-672111F68BAC}.Release|x86.Build.0 = Release|Win32
<<<<<<< HEAD
		{74F7D8B0-690A-419D-A91D-DA93AE274382}.Debug|x86.ActiveCfg = Debug|Win32
		{74F7D8B0-690A-419D-A91D-DA93AE274382}.Debug|x86.Build.0 = Debug|Win32
		{74F7D8B0-690A-419D-A91D-DA93AE274382}.Release|x86.ActiveCfg = Release|Win32
		{74F7D8B0-690A-419D-A91D-DA93AE274382}.Release|x86.Build.0 = Release|Win32
		{C9DD96E0-5318-4AAD-B6FA-316B22276F6E}.Debug|x86.ActiveCfg = Debug|Win32
		{C9DD96E0-5318-4AAD-B6FA-316B22276F6E}.Debug|x86.Build.0 = Debug|Win32
		{C9DD96E0-5318-4AAD-B6FA-316B22276F6E}.Release|x86.ActiveCfg = Release|Win32
		{C9DD96E0-5318-4AAD-B6FA-316B22276F6E}.Release|x86.Build.0 = Release|Win32
=======
		{B70ECBC9-ED23-4F45-8AAA-A96FA35DD49D}.Debug|x86.ActiveCfg = Debug|Win32
		{B70ECBC9-ED23-4F45-8AAA-A96FA35DD49D}.Debug|x86.Build.0 = Debug|Win32
		{B70ECBC9-ED23-4F45-8AAA-A96FA35DD49D}.Release|x86.ActiveCfg = Release|Win32
		{B70ECBC9-ED23-4F45-8AAA-A96FA35DD49D}.Release|x86.Build.0 = Release|Win32
>>>>>>> aa44e832067d055fd6e559d7310179b1c9b185f1
	EndGlobalSection
	GlobalSection(SolutionProperties) = preSolution
		HideSolutionNode = FALSE
	EndGlobalSection
	GlobalSection(NestedProjects) = preSolution
		{74F7D8B0-690A-419D-A91D-DA93AE274382} = {D073D42C-D133-4DAD-B6C7-5CCE11B20971}
		{C9DD96E0-5318-4AAD-B6FA-316B22276F6E} = {D073D42C-D133-4DAD-B6C7-5CCE11B20971}
	EndGlobalSection
EndGlobal
